
Microsoft Visual Studio Solution File, Format Version 12.00
# Visual Studio Version 16
VisualStudioVersion = 16.0.31624.102
MinimumVisualStudioVersion = 10.0.40219.1
Project("{FAE04EC0-301F-11D3-BF4B-00C04F79EFBC}") = "PascalCompiler", "PascalCompiler\PascalCompiler.csproj", "{77C6C5AC-F471-4306-BA31-BFF2D8233558}"
EndProject
Global
	GlobalSection(SolutionConfigurationPlatforms) = preSolution
		Debug|Any CPU = Debug|Any CPU
		Release|Any CPU = Release|Any CPU
	EndGlobalSection
	GlobalSection(ProjectConfigurationPlatforms) = postSolution
		{77C6C5AC-F471-4306-BA31-BFF2D8233558}.Debug|Any CPU.ActiveCfg = Debug|Any CPU
		{77C6C5AC-F471-4306-BA31-BFF2D8233558}.Debug|Any CPU.Build.0 = Debug|Any CPU
		{77C6C5AC-F471-4306-BA31-BFF2D8233558}.Release|Any CPU.ActiveCfg = Release|Any CPU
		{77C6C5AC-F471-4306-BA31-BFF2D8233558}.Release|Any CPU.Build.0 = Release|Any CPU
	EndGlobalSection
	GlobalSection(SolutionProperties) = preSolution
		HideSolutionNode = FALSE
	EndGlobalSection
	GlobalSection(ExtensibilityGlobals) = postSolution
		SolutionGuid = {5FEB81AA-AFDF-4D5C-9A44-BD3369705A39}
	EndGlobalSection
EndGlobal
